<?xml version="1.0" encoding="utf-8"?>
<Project ToolsVersion="4.0" xmlns="http://schemas.microsoft.com/developer/msbuild/2003">
  <ItemGroup>
    <Filter Include="Source Files">
      <UniqueIdentifier>{4FC737F1-C7A5-4376-A066-2A32D752A2FF}</UniqueIdentifier>
      <Extensions>cpp;c;cc;cxx;c++;cppm;ixx;def;odl;idl;hpj;bat;asm;asmx</Extensions>
    </Filter>
    <Filter Include="Header Files">
      <UniqueIdentifier>{93995380-89BD-4b04-88EB-625FBE52EBFB}</UniqueIdentifier>
      <Extensions>h;hh;hpp;hxx;h++;hm;inl;inc;ipp;xsd</Extensions>
    </Filter>
    <Filter Include="Resource Files">
      <UniqueIdentifier>{67DA6AB6-F800-4c08-8B7A-83BB121AAD01}</UniqueIdentifier>
      <Extensions>rc;ico;cur;bmp;dlg;rc2;rct;bin;rgs;gif;jpg;jpeg;jpe;resx;tiff;tif;png;wav;mfcribbon-ms</Extensions>
    </Filter>
    <Filter Include="Shaders">
      <UniqueIdentifier>{c468e3ab-80b0-48d2-a1c9-480db6b89703}</UniqueIdentifier>
    </Filter>
  </ItemGroup>
  <ItemGroup>
    <ClCompile Include="Source\Main.cpp">
      <Filter>Source Files</Filter>
    </ClCompile>
    <ClCompile Include="Source\Util.cpp">
      <Filter>Source Files</Filter>
    </ClCompile>
    <ClCompile Include="Source\AirConditioner.cpp">
      <Filter>Source Files</Filter>
    </ClCompile>
    <ClCompile Include="Source\Lamp.cpp">
      <Filter>Source Files</Filter>
    </ClCompile>
    <ClCompile Include="Source\Flap.cpp">
      <Filter>Source Files</Filter>
    </ClCompile>
    <ClCompile Include="Source\Screen.cpp">
      <Filter>Source Files</Filter>
    </ClCompile>
    <ClCompile Include="Source\Basin.cpp">
      <Filter>Source Files</Filter>
    </ClCompile>
    <ClCompile Include="Source\Pipe.cpp">
      <Filter>Source Files</Filter>
    </ClCompile>
    <ClCompile Include="Source\SharedGeometry.cpp">
      <Filter>Source Files</Filter>
    </ClCompile>
  </ItemGroup>
  <ItemGroup>
    <ClInclude Include="Header\stb_image.h">
      <Filter>Header Files</Filter>
    </ClInclude>
    <ClInclude Include="Header\Util.h">
      <Filter>Header Files</Filter>
    </ClInclude>
    <ClInclude Include="Header\AirConditioner.h">
      <Filter>Header Files</Filter>
    </ClInclude>
    <ClInclude Include="Header\Lamp.h">
      <Filter>Header Files</Filter>
    </ClInclude>
    <ClInclude Include="Header\Flap.h">
      <Filter>Header Files</Filter>
    </ClInclude>
    <ClInclude Include="Header\Screen.h">
      <Filter>Header Files</Filter>
    </ClInclude>
    <ClInclude Include="Header\Basin.h">
      <Filter>Header Files</Filter>
    </ClInclude>
    <ClInclude Include="Header\Pipe.h">
      <Filter>Header Files</Filter>
    </ClInclude>
    <ClInclude Include="Header\SharedGeometry.h">
      <Filter>Header Files</Filter>
    </ClInclude>
  </ItemGroup>
  <ItemGroup>
    <None Include="packages.config" />
    <None Include="texture.frag">
      <Filter>Shaders</Filter>
    </None>
    <None Include="texture.vert">
      <Filter>Shaders</Filter>
    </None>
    <None Include="basic.frag">
      <Filter>Shaders</Filter>
    </None>
    <None Include="basic.vert">
      <Filter>Shaders</Filter>
    </None>
  </ItemGroup>
  <ItemGroup>
    <Image Include="Resources\remote-control.png">
      <Filter>Resource Files</Filter>
    </Image>
    <Image Include="Resources\checkmark.png">
      <Filter>Resource Files</Filter>
    </Image>
    <Image Include="Resources\fire.png">
      <Filter>Resource Files</Filter>
    </Image>
    <Image Include="Resources\snowflake.png">
      <Filter>Resource Files</Filter>
    </Image>
  </ItemGroup>
</Project>